
Microsoft Visual Studio Solution File, Format Version 12.00
# Visual Studio Version 16
VisualStudioVersion = 16.0.32802.440
MinimumVisualStudioVersion = 10.0.40219.1
Project("{FAE04EC0-301F-11D3-BF4B-00C04F79EFBC}") = "dot net day 6", "dot net day 6\dot net day 6.csproj", "{593003BA-B584-4211-91E0-456C4C743073}"
EndProject
Global
	GlobalSection(SolutionConfigurationPlatforms) = preSolution
		Debug|Any CPU = Debug|Any CPU
		Release|Any CPU = Release|Any CPU
	EndGlobalSection
	GlobalSection(ProjectConfigurationPlatforms) = postSolution
		{593003BA-B584-4211-91E0-456C4C743073}.Debug|Any CPU.ActiveCfg = Debug|Any CPU
		{593003BA-B584-4211-91E0-456C4C743073}.Debug|Any CPU.Build.0 = Debug|Any CPU
		{593003BA-B584-4211-91E0-456C4C743073}.Release|Any CPU.ActiveCfg = Release|Any CPU
		{593003BA-B584-4211-91E0-456C4C743073}.Release|Any CPU.Build.0 = Release|Any CPU
	EndGlobalSection
	GlobalSection(SolutionProperties) = preSolution
		HideSolutionNode = FALSE
	EndGlobalSection
	GlobalSection(ExtensibilityGlobals) = postSolution
		SolutionGuid = {369D7BDC-7056-4696-A6A9-C9A87C254C18}
	EndGlobalSection
EndGlobal
